
Microsoft Visual Studio Solution File, Format Version 12.00
# Visual Studio Version 17
VisualStudioVersion = 17.6.33829.357
MinimumVisualStudioVersion = 10.0.40219.1
Project("{FAE04EC0-301F-11D3-BF4B-00C04F79EFBC}") = "01.Degiskenler", "01.Degiskenler\01.Degiskenler.csproj", "{65B40ED8-560F-431E-852F-AE7F8E809AF2}"
EndProject
Project("{FAE04EC0-301F-11D3-BF4B-00C04F79EFBC}") = "02.DegerTiplerVeReferansTipler", "02.DegerTiplerVeReferansTipler\02.DegerTiplerVeReferansTipler.csproj", "{27A081CB-4A9D-4FB7-940C-34D08842516A}"
EndProject
Project("{FAE04EC0-301F-11D3-BF4B-00C04F79EFBC}") = "03.Operatorler", "03.Operatorler\03.Operatorler.csproj", "{74DD4DDE-8F45-49F1-A108-98BCFAEE0A24}"
EndProject
Project("{FAE04EC0-301F-11D3-BF4B-00C04F79EFBC}") = "04.SartBloglari", "04.SartBloglari\04.SartBloglari.csproj", "{FFD9889D-DD98-47F3-8485-D3B889A4EF6A}"
EndProject
Global
	GlobalSection(SolutionConfigurationPlatforms) = preSolution
		Debug|Any CPU = Debug|Any CPU
		Release|Any CPU = Release|Any CPU
	EndGlobalSection
	GlobalSection(ProjectConfigurationPlatforms) = postSolution
		{65B40ED8-560F-431E-852F-AE7F8E809AF2}.Debug|Any CPU.ActiveCfg = Debug|Any CPU
		{65B40ED8-560F-431E-852F-AE7F8E809AF2}.Debug|Any CPU.Build.0 = Debug|Any CPU
		{65B40ED8-560F-431E-852F-AE7F8E809AF2}.Release|Any CPU.ActiveCfg = Release|Any CPU
		{65B40ED8-560F-431E-852F-AE7F8E809AF2}.Release|Any CPU.Build.0 = Release|Any CPU
		{27A081CB-4A9D-4FB7-940C-34D08842516A}.Debug|Any CPU.ActiveCfg = Debug|Any CPU
		{27A081CB-4A9D-4FB7-940C-34D08842516A}.Debug|Any CPU.Build.0 = Debug|Any CPU
		{27A081CB-4A9D-4FB7-940C-34D08842516A}.Release|Any CPU.ActiveCfg = Release|Any CPU
		{27A081CB-4A9D-4FB7-940C-34D08842516A}.Release|Any CPU.Build.0 = Release|Any CPU
		{74DD4DDE-8F45-49F1-A108-98BCFAEE0A24}.Debug|Any CPU.ActiveCfg = Debug|Any CPU
		{74DD4DDE-8F45-49F1-A108-98BCFAEE0A24}.Debug|Any CPU.Build.0 = Debug|Any CPU
		{74DD4DDE-8F45-49F1-A108-98BCFAEE0A24}.Release|Any CPU.ActiveCfg = Release|Any CPU
		{74DD4DDE-8F45-49F1-A108-98BCFAEE0A24}.Release|Any CPU.Build.0 = Release|Any CPU
		{FFD9889D-DD98-47F3-8485-D3B889A4EF6A}.Debug|Any CPU.ActiveCfg = Debug|Any CPU
		{FFD9889D-DD98-47F3-8485-D3B889A4EF6A}.Debug|Any CPU.Build.0 = Debug|Any CPU
		{FFD9889D-DD98-47F3-8485-D3B889A4EF6A}.Release|Any CPU.ActiveCfg = Release|Any CPU
		{FFD9889D-DD98-47F3-8485-D3B889A4EF6A}.Release|Any CPU.Build.0 = Release|Any CPU
	EndGlobalSection
	GlobalSection(SolutionProperties) = preSolution
		HideSolutionNode = FALSE
	EndGlobalSection
	GlobalSection(ExtensibilityGlobals) = postSolution
		SolutionGuid = {7186959E-B573-4A2A-8924-F26C69C41604}
	EndGlobalSection
EndGlobal
